{
  "nodes": {
    "BedrockOnLinux": {
      "inputs": {
        "nixpkgs": "nixpkgs"
      },
      "locked": {
        "lastModified": 1786722114,
        "narHash": "sha256-npgUAjP6pdYnZsn/fLYwfdA2xwRkHHnf3su0RqzfvYs=",
        "owner": "ivanovot",
        "repo": "BedrockOnLinux",
        "rev": "2ed21413fa339a2972ba18283276e34efd7c9639",
        "type": "github"
      },
      "original": {
        "owner": "ivanovot",
        "repo": "BedrockOnLinux",
        "type": "github"
      }
    },
    "ducksay": {
      "inputs": {
        "nixpkgs": [
          "nixpkgs"
        ]
      },
      "locked": {
        "lastModified": 1777095049,
        "narHash": "sha256-R9rpVk9lGPuC1Vj7N4+fpZb+7QzqxBAruRXzrCa7sWI=",
        "owner": "ivanovot",
        "repo": "ducksay",
        "rev": "ccc2f1b599c336225552103a2fdf87146f7de447",
        "type": "github"
      },
      "original": {
        "owner": "ivanovot",
        "repo": "ducksay",
        "type": "github"
      }
    },
    "nixpkgs": {
      "locked": {
        "lastModified": 1786384358,
        "narHash": "sha256-RzPPiWeUtuvymnpuEWsdtzli5w4kjZs49FqEs3/1u+I=",
        "owner": "nixos",
        "repo": "nixpkgs",
        "rev": "2fcb964de67fcf60b43471c55d5d99e61a9ccb5a",
        "type": "github"
      },
      "original": {
        "owner": "nixos",
        "ref": "nixos-unstable",
        "repo": "nixpkgs",
        "type": "github"
      }
    },
    "nixpkgs_2": {
      "locked": {
        "lastModified": 1791254437,
        "narHash": "sha256-qMSsgG+9tIdx282dMqGuJAUK3t6F36clM6efd0rXfes=",
        "owner": "NixOS",
        "repo": "nixpkgs",
        "rev": "b25309931cfda5f0b8805f462a29897eeae50168",
        "type": "github"
      },
      "original": {
        "owner": "NixOS",
        "ref": "nixos-26.05",
        "repo": "nixpkgs",
        "type": "github"
      }
    },
    "pyroclear": {
      "inputs": {
        "nixpkgs": [
          "nixpkgs"
        ]
      },
      "locked": {
        "lastModified": 1789549711,
        "narHash": "sha256-mHRGK0HUyk8Q9waWfw0o2ahiLKu1azV0J7S36PqUmIo=",
        "owner": "shreyanth-sureshkrishnaa",
        "repo": "pyroclear",
        "rev": "a13c6cff1233de67c4b7632b55a3b8668bcb8413",
        "type": "github"
      },
      "original": {
        "owner": "shreyanth-sureshkrishnaa",
        "repo": "pyroclear",
        "type": "github"
      }
    },
    "root": {
      "inputs": {
        "BedrockOnLinux": "BedrockOnLinux",
        "ducksay": "ducksay",
        "nixpkgs": "nixpkgs_2",
        "pyroclear": "pyroclear",
        "zen-browser": "zen-browser"
      }
    },
    "zen-browser": {
      "inputs": {
        "nixpkgs": [
          "nixpkgs"
        ]
      },
      "locked": {
        "lastModified": 1791109428,
        "narHash": "sha256-9Wlecihq1JF26Le4xw1q75pQ4z0Pw88rRmUjeHzQXjY=",
        "owner": "youwen5",
        "repo": "zen-browser-flake",
        "rev": "4bbcd79d8104040a2e510f81199210070900ebcd",
        "type": "github"
      },
      "original": {
        "owner": "youwen5",
        "repo": "zen-browser-flake",
        "type": "github"
      }
    }
  },
  "root": "root",
  "version": 7
}
